lockfileVersion: '9.0'

settings:
  autoInstallPeers: true
  excludeLinksFromLockfile: false

importers:

  .:
    dependencies:
      octokit:
        specifier: ^4.1.3
        version: 4.1.3

packages:

  '@octokit/app@15.1.6':
    resolution: {integrity: sha512-WELCamoCJo9SN0lf3SWZccf68CF0sBNPQuLYmZ/n87p5qvBJDe9aBtr5dHkh7T9nxWZ608pizwsUbypSzZAiUw==}
    engines: {node: '>= 18'}

  '@octokit/auth-app@7.2.1':
    resolution: {integrity: sha512-4jaopCVOtWN0V8qCx/1s2pkRqC6tcvIQM3kFB99eIpsP53GfsoIKO08D94b83n/V3iGihHmxWR2lXzE0NicUGg==}
    engines: {node: '>= 18'}

  '@octokit/auth-oauth-app@8.1.4':
    resolution: {integrity: sha512-71iBa5SflSXcclk/OL3lJzdt4iFs56OJdpBGEBl1wULp7C58uiswZLV6TdRaiAzHP1LT8ezpbHlKuxADb+4NkQ==}
    engines: {node: '>= 18'}

  '@octokit/auth-oauth-device@7.1.5':
    resolution: {integrity: sha512-lR00+k7+N6xeECj0JuXeULQ2TSBB/zjTAmNF2+vyGPDEFx1dgk1hTDmL13MjbSmzusuAmuJD8Pu39rjp9jH6yw==}
    engines: {node: '>= 18'}

  '@octokit/auth-oauth-user@5.1.4':
    resolution: {integrity: sha512-4tJRofMHm6ZCd3O2PVgboBbQ/lNtacREeaihet0+wCATZmvPK+jjg2K6NjBfY69An3yzQdmkcMeiaOOoxOPr7Q==}
    engines: {node: '>= 18'}

  '@octokit/auth-token@5.1.2':
    resolution: {integrity: sha512-JcQDsBdg49Yky2w2ld20IHAlwr8d/d8N6NiOXbtuoPCqzbsiJgF633mVUw3x4mo0H5ypataQIX7SFu3yy44Mpw==}
    engines: {node: '>= 18'}

  '@octokit/auth-unauthenticated@6.1.3':
    resolution: {integrity: sha512-d5gWJla3WdSl1yjbfMpET+hUSFCE15qM0KVSB0H1shyuJihf/RL1KqWoZMIaonHvlNojkL9XtLFp8QeLe+1iwA==}
    engines: {node: '>= 18'}

  '@octokit/core@6.1.5':
    resolution: {integrity: sha512-vvmsN0r7rguA+FySiCsbaTTobSftpIDIpPW81trAmsv9TGxg3YCujAxRYp/Uy8xmDgYCzzgulG62H7KYUFmeIg==}
    engines: {node: '>= 18'}

  '@octokit/endpoint@10.1.4':
    resolution: {integrity: sha512-OlYOlZIsfEVZm5HCSR8aSg02T2lbUWOsCQoPKfTXJwDzcHQBrVBGdGXb89dv2Kw2ToZaRtudp8O3ZIYoaOjKlA==}
    engines: {node: '>= 18'}

  '@octokit/graphql@8.2.2':
    resolution: {integrity: sha512-Yi8hcoqsrXGdt0yObxbebHXFOiUA+2v3n53epuOg1QUgOB6c4XzvisBNVXJSl8RYA5KrDuSL2yq9Qmqe5N0ryA==}
    engines: {node: '>= 18'}

  '@octokit/oauth-app@7.1.6':
    resolution: {integrity: sha512-OMcMzY2WFARg80oJNFwWbY51TBUfLH4JGTy119cqiDawSFXSIBujxmpXiKbGWQlvfn0CxE6f7/+c6+Kr5hI2YA==}
    engines: {node: '>= 18'}

  '@octokit/oauth-authorization-url@7.1.1':
    resolution: {integrity: sha512-ooXV8GBSabSWyhLUowlMIVd9l1s2nsOGQdlP2SQ4LnkEsGXzeCvbSbCPdZThXhEFzleGPwbapT0Sb+YhXRyjCA==}
    engines: {node: '>= 18'}

  '@octokit/oauth-methods@5.1.5':
    resolution: {integrity: sha512-Ev7K8bkYrYLhoOSZGVAGsLEscZQyq7XQONCBBAl2JdMg7IT3PQn/y8P0KjloPoYpI5UylqYrLeUcScaYWXwDvw==}
    engines: {node: '>= 18'}

  '@octokit/openapi-types@25.0.0':
    resolution: {integrity: sha512-FZvktFu7HfOIJf2BScLKIEYjDsw6RKc7rBJCdvCTfKsVnx2GEB/Nbzjr29DUdb7vQhlzS/j8qDzdditP0OC6aw==}

  '@octokit/openapi-webhooks-types@10.4.0':
    resolution: {integrity: sha512-HMiF7FUiVBYfp8pPijMTkWuPELQB6XkPftrnSuK1C1YXaaq2+0ganiQkorEQfXTmhtwlgHJwXT6P8miVhIyjQA==}

  '@octokit/plugin-paginate-graphql@5.2.4':
    resolution: {integrity: sha512-pLZES1jWaOynXKHOqdnwZ5ULeVR6tVVCMm+AUbp0htdcyXDU95WbkYdU4R2ej1wKj5Tu94Mee2Ne0PjPO9cCyA==}
    engines: {node: '>= 18'}
    peerDependencies:
      '@octokit/core': '>=6'

  '@octokit/plugin-paginate-rest@12.0.0':
    resolution: {integrity: sha512-MPd6WK1VtZ52lFrgZ0R2FlaoiWllzgqFHaSZxvp72NmoDeZ0m8GeJdg4oB6ctqMTYyrnDYp592Xma21mrgiyDA==}
    engines: {node: '>= 18'}
    peerDependencies:
      '@octokit/core': '>=6'

  '@octokit/plugin-rest-endpoint-methods@14.0.0':
    resolution: {integrity: sha512-iQt6ovem4b7zZYZQtdv+PwgbL5VPq37th1m2x2TdkgimIDJpsi2A6Q/OI/23i/hR6z5mL0EgisNR4dcbmckSZQ==}
    engines: {node: '>= 18'}
    peerDependencies:
      '@octokit/core': '>=6'

  '@octokit/plugin-retry@7.2.1':
    resolution: {integrity: sha512-wUc3gv0D6vNHpGxSaR3FlqJpTXGWgqmk607N9L3LvPL4QjaxDgX/1nY2mGpT37Khn+nlIXdljczkRnNdTTV3/A==}
    engines: {node: '>= 18'}
    peerDependencies:
      '@octokit/core': '>=6'

  '@octokit/plugin-throttling@10.0.0':
    resolution: {integrity: sha512-Kuq5/qs0DVYTHZuBAzCZStCzo2nKvVRo/TDNhCcpC2TKiOGz/DisXMCvjt3/b5kr6SCI1Y8eeeJTHBxxpFvZEg==}
    engines: {node: '>= 18'}
    peerDependencies:
      '@octokit/core': ^6.1.3

  '@octokit/request-error@6.1.8':
    resolution: {integrity: sha512-WEi/R0Jmq+IJKydWlKDmryPcmdYSVjL3ekaiEL1L9eo1sUnqMJ+grqmC9cjk7CA7+b2/T397tO5d8YLOH3qYpQ==}
    engines: {node: '>= 18'}

  '@octokit/request@9.2.3':
    resolution: {integrity: sha512-Ma+pZU8PXLOEYzsWf0cn/gY+ME57Wq8f49WTXA8FMHp2Ps9djKw//xYJ1je8Hm0pR2lU9FUGeJRWOtxq6olt4w==}
    engines: {node: '>= 18'}

  '@octokit/types@14.0.0':
    resolution: {integrity: sha512-VVmZP0lEhbo2O1pdq63gZFiGCKkm8PPp8AUOijlwPO6hojEVjspA0MWKP7E4hbvGxzFKNqKr6p0IYtOH/Wf/zA==}

  '@octokit/webhooks-methods@5.1.1':
    resolution: {integrity: sha512-NGlEHZDseJTCj8TMMFehzwa9g7On4KJMPVHDSrHxCQumL6uSQR8wIkP/qesv52fXqV1BPf4pTxwtS31ldAt9Xg==}
    engines: {node: '>= 18'}

  '@octokit/webhooks@13.8.0':
    resolution: {integrity: sha512-3PCWyFBNbW2+Ox36VAkSqlPoIb96NZiPcICRYySHZrDTM2NuNxvrjPeaQDj2egqILs9EZFObRTHVMe4XxXJV7w==}
    engines: {node: '>= 18'}

  '@types/aws-lambda@8.10.149':
    resolution: {integrity: sha512-NXSZIhfJjnXqJgtS7IwutqIF/SOy1Wz5Px4gUY1RWITp3AYTyuJS4xaXr/bIJY1v15XMzrJ5soGnPM+7uigZjA==}

  before-after-hook@3.0.2:
    resolution: {integrity: sha512-Nik3Sc0ncrMK4UUdXQmAnRtzmNQTAAXmXIopizwZ1W1t8QmfJj+zL4OA2I7XPTPW5z5TDqv4hRo/JzouDJnX3A==}

  bottleneck@2.19.5:
    resolution: {integrity: sha512-VHiNCbI1lKdl44tGrhNfU3lup0Tj/ZBMJB5/2ZbNXRCPuRCO7ed2mgcK4r17y+KB2EfuYuRaVlwNbAeaWGSpbw==}

  fast-content-type-parse@2.0.1:
    resolution: {integrity: sha512-nGqtvLrj5w0naR6tDPfB4cUmYCqouzyQiz6C5y/LtcDllJdrcc6WaWW6iXyIIOErTa/XRybj28aasdn4LkVk6Q==}

  octokit@4.1.3:
    resolution: {integrity: sha512-PP+EL8h4xPCE9NBo6jXq6I2/EiTXsn1cg9F0IZehHBv/qhuQpyGMFElEB17miWKciuT6vRHiFFiG9+FoXOmg6A==}
    engines: {node: '>= 18'}

  toad-cache@3.7.0:
    resolution: {integrity: sha512-/m8M+2BJUpoJdgAHoG+baCwBT+tf2VraSfkBgl0Y00qIWt41DJ8R5B8nsEw0I58YwF5IZH6z24/2TobDKnqSWw==}
    engines: {node: '>=12'}

  universal-github-app-jwt@2.2.2:
    resolution: {integrity: sha512-dcmbeSrOdTnsjGjUfAlqNDJrhxXizjAz94ija9Qw8YkZ1uu0d+GoZzyH+Jb9tIIqvGsadUfwg+22k5aDqqwzbw==}

  universal-user-agent@7.0.2:
    resolution: {integrity: sha512-0JCqzSKnStlRRQfCdowvqy3cy0Dvtlb8xecj/H8JFZuCze4rwjPZQOgvFvn0Ws/usCHQFGpyr+pB9adaGwXn4Q==}

snapshots:

  '@octokit/app@15.1.6':
    dependencies:
      '@octokit/auth-app': 7.2.1
      '@octokit/auth-unauthenticated': 6.1.3
      '@octokit/core': 6.1.5
      '@octokit/oauth-app': 7.1.6
      '@octokit/plugin-paginate-rest': 12.0.0(@octokit/core@6.1.5)
      '@octokit/types': 14.0.0
      '@octokit/webhooks': 13.8.0

  '@octokit/auth-app@7.2.1':
    dependencies:
      '@octokit/auth-oauth-app': 8.1.4
      '@octokit/auth-oauth-user': 5.1.4
      '@octokit/request': 9.2.3
      '@octokit/request-error': 6.1.8
      '@octokit/types': 14.0.0
      toad-cache: 3.7.0
      universal-github-app-jwt: 2.2.2
      universal-user-agent: 7.0.2

  '@octokit/auth-oauth-app@8.1.4':
    dependencies:
      '@octokit/auth-oauth-device': 7.1.5
      '@octokit/auth-oauth-user': 5.1.4
      '@octokit/request': 9.2.3
      '@octokit/types': 14.0.0
      universal-user-agent: 7.0.2

  '@octokit/auth-oauth-device@7.1.5':
    dependencies:
      '@octokit/oauth-methods': 5.1.5
      '@octokit/request': 9.2.3
      '@octokit/types': 14.0.0
      universal-user-agent: 7.0.2

  '@octokit/auth-oauth-user@5.1.4':
    dependencies:
      '@octokit/auth-oauth-device': 7.1.5
      '@octokit/oauth-methods': 5.1.5
      '@octokit/request': 9.2.3
      '@octokit/types': 14.0.0
      universal-user-agent: 7.0.2

  '@octokit/auth-token@5.1.2': {}

  '@octokit/auth-unauthenticated@6.1.3':
    dependencies:
      '@octokit/request-error': 6.1.8
      '@octokit/types': 14.0.0

  '@octokit/core@6.1.5':
    dependencies:
      '@octokit/auth-token': 5.1.2
      '@octokit/graphql': 8.2.2
      '@octokit/request': 9.2.3
      '@octokit/request-error': 6.1.8
      '@octokit/types': 14.0.0
      before-after-hook: 3.0.2
      universal-user-agent: 7.0.2

  '@octokit/endpoint@10.1.4':
    dependencies:
      '@octokit/types': 14.0.0
      universal-user-agent: 7.0.2

  '@octokit/graphql@8.2.2':
    dependencies:
      '@octokit/request': 9.2.3
      '@octokit/types': 14.0.0
      universal-user-agent: 7.0.2

  '@octokit/oauth-app@7.1.6':
    dependencies:
      '@octokit/auth-oauth-app': 8.1.4
      '@octokit/auth-oauth-user': 5.1.4
      '@octokit/auth-unauthenticated': 6.1.3
      '@octokit/core': 6.1.5
      '@octokit/oauth-authorization-url': 7.1.1
      '@octokit/oauth-methods': 5.1.5
      '@types/aws-lambda': 8.10.149
      universal-user-agent: 7.0.2

  '@octokit/oauth-authorization-url@7.1.1': {}

  '@octokit/oauth-methods@5.1.5':
    dependencies:
      '@octokit/oauth-authorization-url': 7.1.1
      '@octokit/request': 9.2.3
      '@octokit/request-error': 6.1.8
      '@octokit/types': 14.0.0

  '@octokit/openapi-types@25.0.0': {}

  '@octokit/openapi-webhooks-types@10.4.0': {}

  '@octokit/plugin-paginate-graphql@5.2.4(@octokit/core@6.1.5)':
    dependencies:
      '@octokit/core': 6.1.5

  '@octokit/plugin-paginate-rest@12.0.0(@octokit/core@6.1.5)':
    dependencies:
      '@octokit/core': 6.1.5
      '@octokit/types': 14.0.0

  '@octokit/plugin-rest-endpoint-methods@14.0.0(@octokit/core@6.1.5)':
    dependencies:
      '@octokit/core': 6.1.5
      '@octokit/types': 14.0.0

  '@octokit/plugin-retry@7.2.1(@octokit/core@6.1.5)':
    dependencies:
      '@octokit/core': 6.1.5
      '@octokit/request-error': 6.1.8
      '@octokit/types': 14.0.0
      bottleneck: 2.19.5

  '@octokit/plugin-throttling@10.0.0(@octokit/core@6.1.5)':
    dependencies:
      '@octokit/core': 6.1.5
      '@octokit/types': 14.0.0
      bottleneck: 2.19.5

  '@octokit/request-error@6.1.8':
    dependencies:
      '@octokit/types': 14.0.0

  '@octokit/request@9.2.3':
    dependencies:
      '@octokit/endpoint': 10.1.4
      '@octokit/request-error': 6.1.8
      '@octokit/types': 14.0.0
      fast-content-type-parse: 2.0.1
      universal-user-agent: 7.0.2

  '@octokit/types@14.0.0':
    dependencies:
      '@octokit/openapi-types': 25.0.0

  '@octokit/webhooks-methods@5.1.1': {}

  '@octokit/webhooks@13.8.0':
    dependencies:
      '@octokit/openapi-webhooks-types': 10.4.0
      '@octokit/request-error': 6.1.8
      '@octokit/webhooks-methods': 5.1.1

  '@types/aws-lambda@8.10.149': {}

  before-after-hook@3.0.2: {}

  bottleneck@2.19.5: {}

  fast-content-type-parse@2.0.1: {}

  octokit@4.1.3:
    dependencies:
      '@octokit/app': 15.1.6
      '@octokit/core': 6.1.5
      '@octokit/oauth-app': 7.1.6
      '@octokit/plugin-paginate-graphql': 5.2.4(@octokit/core@6.1.5)
      '@octokit/plugin-paginate-rest': 12.0.0(@octokit/core@6.1.5)
      '@octokit/plugin-rest-endpoint-methods': 14.0.0(@octokit/core@6.1.5)
      '@octokit/plugin-retry': 7.2.1(@octokit/core@6.1.5)
      '@octokit/plugin-throttling': 10.0.0(@octokit/core@6.1.5)
      '@octokit/request-error': 6.1.8
      '@octokit/types': 14.0.0

  toad-cache@3.7.0: {}

  universal-github-app-jwt@2.2.2: {}

  universal-user-agent@7.0.2: {}
